{
  "name": "mfml-runtime",
  "version": "1.0.0",
  "lockfileVersion": 2,
  "requires": true,
  "packages": {
    "": {
      "version": "1.0.0",
      "license": "MIT",
      "dependencies": {
        "locale-matcher": "^2.0.0"
      }
    },
    "node_modules/@smikhalevski/trie": {
      "version": "1.0.1",
      "resolved": "https://registry.npmjs.org/@smikhalevski/trie/-/trie-1.0.1.tgz",
      "integrity": "sha512-aPQhXXlDsITcL+zjgaEcSWQRrvGw4/x5Fxw8lUZt5QPCTzFdQwX/6oak3mE8/cmKxup9Imju+4+5+S+fwjE0Ow=="
    },
    "node_modules/locale-matcher": {
      "version": "2.0.0",
      "resolved": "https://registry.npmjs.org/locale-matcher/-/locale-matcher-2.0.0.tgz",
      "integrity": "sha512-oq0yIVVEWclj8EiL1vLSfqrhTrQF/bLVelBDEj8KU3niQyutcAtdM9fHTTzP1OhGmiAq5OD8eDE77X3mZuGlqg==",
      "dependencies": {
        "@smikhalevski/trie": "^1.0.1"
      }
    }
  },
  "dependencies": {
    "@smikhalevski/trie": {
      "version": "1.0.1",
      "resolved": "https://registry.npmjs.org/@smikhalevski/trie/-/trie-1.0.1.tgz",
      "integrity": "sha512-aPQhXXlDsITcL+zjgaEcSWQRrvGw4/x5Fxw8lUZt5QPCTzFdQwX/6oak3mE8/cmKxup9Imju+4+5+S+fwjE0Ow=="
    },
    "locale-matcher": {
      "version": "2.0.0",
      "resolved": "https://registry.npmjs.org/locale-matcher/-/locale-matcher-2.0.0.tgz",
      "integrity": "sha512-oq0yIVVEWclj8EiL1vLSfqrhTrQF/bLVelBDEj8KU3niQyutcAtdM9fHTTzP1OhGmiAq5OD8eDE77X3mZuGlqg==",
      "requires": {
        "@smikhalevski/trie": "^1.0.1"
      }
    }
  }
}
