{
  "name": "mfml-compiler",
  "version": "1.0.0",
  "lockfileVersion": 2,
  "requires": true,
  "packages": {
    "": {
      "version": "1.0.0",
      "license": "MIT",
      "dependencies": {
        "@messageformat/parser": "^5.0.0",
        "@smikhalevski/codegen": "^1.0.0",
        "speedy-entities": "^1.1.0",
        "tag-soup": "^1.0.0-next.0"
      },
      "devDependencies": {
        "@types/moo": "^0.5.4"
      }
    },
    "node_modules/@messageformat/parser": {
      "version": "5.0.0",
      "resolved": "https://registry.npmjs.org/@messageformat/parser/-/parser-5.0.0.tgz",
      "integrity": "sha512-WiDKhi8F0zQaFU8cXgqq69eYFarCnTVxKcvhAONufKf0oUxbqLMW6JX6rV4Hqh+BEQWGyKKKHY4g1XA6bCLylA==",
      "dependencies": {
        "moo": "^0.5.1"
      }
    },
    "node_modules/@smikhalevski/codegen": {
      "version": "1.0.0",
      "resolved": "https://registry.npmjs.org/@smikhalevski/codegen/-/codegen-1.0.0.tgz",
      "integrity": "sha512-H6dGGex9xlLMJiywqoXe88jN4c9D51EerUphv0RglvHDYj5/Eq2XLUGIdz9WbCwPl/FmKWy02MPhqlqm99KtEw==",
      "dependencies": {
        "@types/lodash-es": "^4.17.4",
        "lodash-es": "^4.17.21"
      }
    },
    "node_modules/@types/lodash": {
      "version": "4.14.171",
      "resolved": "https://registry.npmjs.org/@types/lodash/-/lodash-4.14.171.tgz",
      "integrity": "sha512-7eQ2xYLLI/LsicL2nejW9Wyko3lcpN6O/z0ZLHrEQsg280zIdCv1t/0m6UtBjUHokCGBQ3gYTbHzDkZ1xOBwwg=="
    },
    "node_modules/@types/lodash-es": {
      "version": "4.17.4",
      "resolved": "https://registry.npmjs.org/@types/lodash-es/-/lodash-es-4.17.4.tgz",
      "integrity": "sha512-BBz79DCJbD2CVYZH67MBeHZRX++HF+5p8Mo5MzjZi64Wac39S3diedJYHZtScbRVf4DjZyN6LzA0SB0zy+HSSQ==",
      "dependencies": {
        "@types/lodash": "*"
      }
    },
    "node_modules/@types/moo": {
      "version": "0.5.5",
      "resolved": "https://registry.npmjs.org/@types/moo/-/moo-0.5.5.tgz",
      "integrity": "sha512-eXQpwnkI4Ntw5uJg6i2PINdRFWLr55dqjuYQaLHNjvqTzF14QdNWbCbml9sza0byyXNA0hZlHtcdN+VNDcgVHA==",
      "dev": true
    },
    "node_modules/lodash-es": {
      "version": "4.17.21",
      "resolved": "https://registry.npmjs.org/lodash-es/-/lodash-es-4.17.21.tgz",
      "integrity": "sha512-mKnC+QJ9pWVzv+C4/U3rRsHapFfHvQFoFB92e52xeyGMcX6/OlIl78je1u8vePzYZSkkogMPJ2yjxxsb89cxyw=="
    },
    "node_modules/moo": {
      "version": "0.5.1",
      "resolved": "https://registry.npmjs.org/moo/-/moo-0.5.1.tgz",
      "integrity": "sha512-I1mnb5xn4fO80BH9BLcF0yLypy2UKl+Cb01Fu0hJRkJjlCRtxZMWkTdAtDd5ZqCOxtCkhmRwyI57vWT+1iZ67w=="
    },
    "node_modules/speedy-entities": {
      "version": "1.1.0",
      "resolved": "https://registry.npmjs.org/speedy-entities/-/speedy-entities-1.1.0.tgz",
      "integrity": "sha512-4qCfdyd1EjW9DdB/6P4FVmklqj+I84c5tR2MOKZRyHsDmtgg7lxzSBe0UaDRcSghJIVnxL9i4ZKVrhhguBfXYw==",
      "dependencies": {
        "tokenizer-dsl": "^1.0.1"
      }
    },
    "node_modules/tag-soup": {
      "version": "1.0.0-next.0",
      "resolved": "https://registry.npmjs.org/tag-soup/-/tag-soup-1.0.0-next.0.tgz",
      "integrity": "sha512-T0F8XzZr0wvub2iBqFYoet3i4AyFQEMYGfYu7clElkhc11qYd8sM+p77b0TIwZGlRSmZ1m3+xrsuYzupZWCyuA==",
      "dependencies": {
        "speedy-entities": "^1.1.0",
        "tokenizer-dsl": "1.0.0"
      }
    },
    "node_modules/tag-soup/node_modules/tokenizer-dsl": {
      "version": "1.0.0",
      "resolved": "https://registry.npmjs.org/tokenizer-dsl/-/tokenizer-dsl-1.0.0.tgz",
      "integrity": "sha512-kjBz+iv4h+7sisUes1ua+/58jC8k5RiShiZ74svzxDdDXObeAkFTjOITKbeWRMiEgaQ+QaHV8nmig2R16rYzlw=="
    },
    "node_modules/tokenizer-dsl": {
      "version": "1.0.1",
      "resolved": "https://registry.npmjs.org/tokenizer-dsl/-/tokenizer-dsl-1.0.1.tgz",
      "integrity": "sha512-fOUO6egLaoF3aiQeUwAA9GfkDdtkAE7gznsZWm3sT7bOuVROpf9p1eC5BHNfv6CzAwhJbp9pHvFOrGZrPCycVA=="
    }
  },
  "dependencies": {
    "@messageformat/parser": {
      "version": "5.0.0",
      "resolved": "https://registry.npmjs.org/@messageformat/parser/-/parser-5.0.0.tgz",
      "integrity": "sha512-WiDKhi8F0zQaFU8cXgqq69eYFarCnTVxKcvhAONufKf0oUxbqLMW6JX6rV4Hqh+BEQWGyKKKHY4g1XA6bCLylA==",
      "requires": {
        "moo": "^0.5.1"
      }
    },
    "@smikhalevski/codegen": {
      "version": "1.0.0",
      "resolved": "https://registry.npmjs.org/@smikhalevski/codegen/-/codegen-1.0.0.tgz",
      "integrity": "sha512-H6dGGex9xlLMJiywqoXe88jN4c9D51EerUphv0RglvHDYj5/Eq2XLUGIdz9WbCwPl/FmKWy02MPhqlqm99KtEw==",
      "requires": {
        "@types/lodash-es": "^4.17.4",
        "lodash-es": "^4.17.21"
      }
    },
    "@types/lodash": {
      "version": "4.14.171",
      "resolved": "https://registry.npmjs.org/@types/lodash/-/lodash-4.14.171.tgz",
      "integrity": "sha512-7eQ2xYLLI/LsicL2nejW9Wyko3lcpN6O/z0ZLHrEQsg280zIdCv1t/0m6UtBjUHokCGBQ3gYTbHzDkZ1xOBwwg=="
    },
    "@types/lodash-es": {
      "version": "4.17.4",
      "resolved": "https://registry.npmjs.org/@types/lodash-es/-/lodash-es-4.17.4.tgz",
      "integrity": "sha512-BBz79DCJbD2CVYZH67MBeHZRX++HF+5p8Mo5MzjZi64Wac39S3diedJYHZtScbRVf4DjZyN6LzA0SB0zy+HSSQ==",
      "requires": {
        "@types/lodash": "*"
      }
    },
    "@types/moo": {
      "version": "0.5.5",
      "resolved": "https://registry.npmjs.org/@types/moo/-/moo-0.5.5.tgz",
      "integrity": "sha512-eXQpwnkI4Ntw5uJg6i2PINdRFWLr55dqjuYQaLHNjvqTzF14QdNWbCbml9sza0byyXNA0hZlHtcdN+VNDcgVHA==",
      "dev": true
    },
    "lodash-es": {
      "version": "4.17.21",
      "resolved": "https://registry.npmjs.org/lodash-es/-/lodash-es-4.17.21.tgz",
      "integrity": "sha512-mKnC+QJ9pWVzv+C4/U3rRsHapFfHvQFoFB92e52xeyGMcX6/OlIl78je1u8vePzYZSkkogMPJ2yjxxsb89cxyw=="
    },
    "moo": {
      "version": "0.5.1",
      "resolved": "https://registry.npmjs.org/moo/-/moo-0.5.1.tgz",
      "integrity": "sha512-I1mnb5xn4fO80BH9BLcF0yLypy2UKl+Cb01Fu0hJRkJjlCRtxZMWkTdAtDd5ZqCOxtCkhmRwyI57vWT+1iZ67w=="
    },
    "speedy-entities": {
      "version": "1.1.0",
      "resolved": "https://registry.npmjs.org/speedy-entities/-/speedy-entities-1.1.0.tgz",
      "integrity": "sha512-4qCfdyd1EjW9DdB/6P4FVmklqj+I84c5tR2MOKZRyHsDmtgg7lxzSBe0UaDRcSghJIVnxL9i4ZKVrhhguBfXYw==",
      "requires": {
        "tokenizer-dsl": "^1.0.1"
      }
    },
    "tag-soup": {
      "version": "1.0.0-next.0",
      "resolved": "https://registry.npmjs.org/tag-soup/-/tag-soup-1.0.0-next.0.tgz",
      "integrity": "sha512-T0F8XzZr0wvub2iBqFYoet3i4AyFQEMYGfYu7clElkhc11qYd8sM+p77b0TIwZGlRSmZ1m3+xrsuYzupZWCyuA==",
      "requires": {
        "speedy-entities": "^1.1.0",
        "tokenizer-dsl": "1.0.0"
      },
      "dependencies": {
        "tokenizer-dsl": {
          "version": "1.0.0",
          "resolved": "https://registry.npmjs.org/tokenizer-dsl/-/tokenizer-dsl-1.0.0.tgz",
          "integrity": "sha512-kjBz+iv4h+7sisUes1ua+/58jC8k5RiShiZ74svzxDdDXObeAkFTjOITKbeWRMiEgaQ+QaHV8nmig2R16rYzlw=="
        }
      }
    },
    "tokenizer-dsl": {
      "version": "1.0.1",
      "resolved": "https://registry.npmjs.org/tokenizer-dsl/-/tokenizer-dsl-1.0.1.tgz",
      "integrity": "sha512-fOUO6egLaoF3aiQeUwAA9GfkDdtkAE7gznsZWm3sT7bOuVROpf9p1eC5BHNfv6CzAwhJbp9pHvFOrGZrPCycVA=="
    }
  }
}
