{
  "name": "mfml-compiler",
  "version": "1.0.0",
  "lockfileVersion": 2,
  "requires": true,
  "packages": {
    "": {
      "version": "1.0.0",
      "license": "MIT",
      "dependencies": {
        "@messageformat/parser": "^5.0.0",
        "@smikhalevski/codegen": "^2.0.0",
        "lodash-es": "^4.17.21",
        "tag-soup": "^1.0.0-next.3"
      },
      "devDependencies": {
        "@types/lodash-es": "^4.17.4",
        "@types/moo": "^0.5.4",
        "lodash": "^4.17.21"
      }
    },
    "node_modules/@messageformat/parser": {
      "version": "5.0.0",
      "resolved": "https://registry.npmjs.org/@messageformat/parser/-/parser-5.0.0.tgz",
      "integrity": "sha512-WiDKhi8F0zQaFU8cXgqq69eYFarCnTVxKcvhAONufKf0oUxbqLMW6JX6rV4Hqh+BEQWGyKKKHY4g1XA6bCLylA==",
      "dependencies": {
        "moo": "^0.5.1"
      }
    },
    "node_modules/@smikhalevski/codegen": {
      "version": "2.0.0",
      "resolved": "https://registry.npmjs.org/@smikhalevski/codegen/-/codegen-2.0.0.tgz",
      "integrity": "sha512-FXeTpYZt+8/zA+Te7WcQJ2emAepPh9JpMoC02XxkkBMx8cTagiXJxdmMu4KZEh3L/j7JGWum3bhoBUQXbbWgUg=="
    },
    "node_modules/@smikhalevski/trie": {
      "version": "1.0.1",
      "resolved": "https://registry.npmjs.org/@smikhalevski/trie/-/trie-1.0.1.tgz",
      "integrity": "sha512-aPQhXXlDsITcL+zjgaEcSWQRrvGw4/x5Fxw8lUZt5QPCTzFdQwX/6oak3mE8/cmKxup9Imju+4+5+S+fwjE0Ow=="
    },
    "node_modules/@types/lodash": {
      "version": "4.14.172",
      "resolved": "https://registry.npmjs.org/@types/lodash/-/lodash-4.14.172.tgz",
      "integrity": "sha512-/BHF5HAx3em7/KkzVKm3LrsD6HZAXuXO1AJZQ3cRRBZj4oHZDviWPYu0aEplAqDFNHZPW6d3G7KN+ONcCCC7pw==",
      "dev": true
    },
    "node_modules/@types/lodash-es": {
      "version": "4.17.4",
      "resolved": "https://registry.npmjs.org/@types/lodash-es/-/lodash-es-4.17.4.tgz",
      "integrity": "sha512-BBz79DCJbD2CVYZH67MBeHZRX++HF+5p8Mo5MzjZi64Wac39S3diedJYHZtScbRVf4DjZyN6LzA0SB0zy+HSSQ==",
      "dev": true,
      "dependencies": {
        "@types/lodash": "*"
      }
    },
    "node_modules/@types/moo": {
      "version": "0.5.5",
      "resolved": "https://registry.npmjs.org/@types/moo/-/moo-0.5.5.tgz",
      "integrity": "sha512-eXQpwnkI4Ntw5uJg6i2PINdRFWLr55dqjuYQaLHNjvqTzF14QdNWbCbml9sza0byyXNA0hZlHtcdN+VNDcgVHA==",
      "dev": true
    },
    "node_modules/lodash": {
      "version": "4.17.21",
      "resolved": "https://registry.npmjs.org/lodash/-/lodash-4.17.21.tgz",
      "integrity": "sha512-v2kDEe57lecTulaDIuNTPy3Ry4gLGJ6Z1O3vE1krgXZNrsQ+LFTGHVxVjcXPs17LhbZVGedAJv8XZ1tvj5FvSg==",
      "dev": true
    },
    "node_modules/lodash-es": {
      "version": "4.17.21",
      "resolved": "https://registry.npmjs.org/lodash-es/-/lodash-es-4.17.21.tgz",
      "integrity": "sha512-mKnC+QJ9pWVzv+C4/U3rRsHapFfHvQFoFB92e52xeyGMcX6/OlIl78je1u8vePzYZSkkogMPJ2yjxxsb89cxyw=="
    },
    "node_modules/moo": {
      "version": "0.5.1",
      "resolved": "https://registry.npmjs.org/moo/-/moo-0.5.1.tgz",
      "integrity": "sha512-I1mnb5xn4fO80BH9BLcF0yLypy2UKl+Cb01Fu0hJRkJjlCRtxZMWkTdAtDd5ZqCOxtCkhmRwyI57vWT+1iZ67w=="
    },
    "node_modules/speedy-entities": {
      "version": "1.1.2",
      "resolved": "https://registry.npmjs.org/speedy-entities/-/speedy-entities-1.1.2.tgz",
      "integrity": "sha512-asP69sh7x/lkVBGiZSpVSIYOomdpw5+SaU8pNi6W4c60RgP8JQIzsBmTeZQg0HD6BczJExKDJ9WOtHUFw7p1dw==",
      "dependencies": {
        "@smikhalevski/trie": "^1.0.1",
        "tokenizer-dsl": "^1.0.1"
      }
    },
    "node_modules/tag-soup": {
      "version": "1.0.0-next.3",
      "resolved": "https://registry.npmjs.org/tag-soup/-/tag-soup-1.0.0-next.3.tgz",
      "integrity": "sha512-Pmc5ogRIlaCTyKFmParmKO78BvHZtNHURaKesCmi4nUSlIroy8VFXALXu9s2iXv7gTXZnc7Ueeq5XA+dDdQ5Tw==",
      "dependencies": {
        "speedy-entities": "^1.1.2",
        "tokenizer-dsl": "^1.0.1",
        "tslib": "^2.3.0"
      }
    },
    "node_modules/tokenizer-dsl": {
      "version": "1.0.1",
      "resolved": "https://registry.npmjs.org/tokenizer-dsl/-/tokenizer-dsl-1.0.1.tgz",
      "integrity": "sha512-fOUO6egLaoF3aiQeUwAA9GfkDdtkAE7gznsZWm3sT7bOuVROpf9p1eC5BHNfv6CzAwhJbp9pHvFOrGZrPCycVA=="
    },
    "node_modules/tslib": {
      "version": "2.3.0",
      "resolved": "https://registry.npmjs.org/tslib/-/tslib-2.3.0.tgz",
      "integrity": "sha512-N82ooyxVNm6h1riLCoyS9e3fuJ3AMG2zIZs2Gd1ATcSFjSA23Q0fzjjZeh0jbJvWVDZ0cJT8yaNNaaXHzueNjg=="
    }
  },
  "dependencies": {
    "@messageformat/parser": {
      "version": "5.0.0",
      "resolved": "https://registry.npmjs.org/@messageformat/parser/-/parser-5.0.0.tgz",
      "integrity": "sha512-WiDKhi8F0zQaFU8cXgqq69eYFarCnTVxKcvhAONufKf0oUxbqLMW6JX6rV4Hqh+BEQWGyKKKHY4g1XA6bCLylA==",
      "requires": {
        "moo": "^0.5.1"
      }
    },
    "@smikhalevski/codegen": {
      "version": "2.0.0",
      "resolved": "https://registry.npmjs.org/@smikhalevski/codegen/-/codegen-2.0.0.tgz",
      "integrity": "sha512-FXeTpYZt+8/zA+Te7WcQJ2emAepPh9JpMoC02XxkkBMx8cTagiXJxdmMu4KZEh3L/j7JGWum3bhoBUQXbbWgUg=="
    },
    "@smikhalevski/trie": {
      "version": "1.0.1",
      "resolved": "https://registry.npmjs.org/@smikhalevski/trie/-/trie-1.0.1.tgz",
      "integrity": "sha512-aPQhXXlDsITcL+zjgaEcSWQRrvGw4/x5Fxw8lUZt5QPCTzFdQwX/6oak3mE8/cmKxup9Imju+4+5+S+fwjE0Ow=="
    },
    "@types/lodash": {
      "version": "4.14.172",
      "resolved": "https://registry.npmjs.org/@types/lodash/-/lodash-4.14.172.tgz",
      "integrity": "sha512-/BHF5HAx3em7/KkzVKm3LrsD6HZAXuXO1AJZQ3cRRBZj4oHZDviWPYu0aEplAqDFNHZPW6d3G7KN+ONcCCC7pw==",
      "dev": true
    },
    "@types/lodash-es": {
      "version": "4.17.4",
      "resolved": "https://registry.npmjs.org/@types/lodash-es/-/lodash-es-4.17.4.tgz",
      "integrity": "sha512-BBz79DCJbD2CVYZH67MBeHZRX++HF+5p8Mo5MzjZi64Wac39S3diedJYHZtScbRVf4DjZyN6LzA0SB0zy+HSSQ==",
      "dev": true,
      "requires": {
        "@types/lodash": "*"
      }
    },
    "@types/moo": {
      "version": "0.5.5",
      "resolved": "https://registry.npmjs.org/@types/moo/-/moo-0.5.5.tgz",
      "integrity": "sha512-eXQpwnkI4Ntw5uJg6i2PINdRFWLr55dqjuYQaLHNjvqTzF14QdNWbCbml9sza0byyXNA0hZlHtcdN+VNDcgVHA==",
      "dev": true
    },
    "lodash": {
      "version": "4.17.21",
      "resolved": "https://registry.npmjs.org/lodash/-/lodash-4.17.21.tgz",
      "integrity": "sha512-v2kDEe57lecTulaDIuNTPy3Ry4gLGJ6Z1O3vE1krgXZNrsQ+LFTGHVxVjcXPs17LhbZVGedAJv8XZ1tvj5FvSg==",
      "dev": true
    },
    "lodash-es": {
      "version": "4.17.21",
      "resolved": "https://registry.npmjs.org/lodash-es/-/lodash-es-4.17.21.tgz",
      "integrity": "sha512-mKnC+QJ9pWVzv+C4/U3rRsHapFfHvQFoFB92e52xeyGMcX6/OlIl78je1u8vePzYZSkkogMPJ2yjxxsb89cxyw=="
    },
    "moo": {
      "version": "0.5.1",
      "resolved": "https://registry.npmjs.org/moo/-/moo-0.5.1.tgz",
      "integrity": "sha512-I1mnb5xn4fO80BH9BLcF0yLypy2UKl+Cb01Fu0hJRkJjlCRtxZMWkTdAtDd5ZqCOxtCkhmRwyI57vWT+1iZ67w=="
    },
    "speedy-entities": {
      "version": "1.1.2",
      "resolved": "https://registry.npmjs.org/speedy-entities/-/speedy-entities-1.1.2.tgz",
      "integrity": "sha512-asP69sh7x/lkVBGiZSpVSIYOomdpw5+SaU8pNi6W4c60RgP8JQIzsBmTeZQg0HD6BczJExKDJ9WOtHUFw7p1dw==",
      "requires": {
        "@smikhalevski/trie": "^1.0.1",
        "tokenizer-dsl": "^1.0.1"
      }
    },
    "tag-soup": {
      "version": "1.0.0-next.3",
      "resolved": "https://registry.npmjs.org/tag-soup/-/tag-soup-1.0.0-next.3.tgz",
      "integrity": "sha512-Pmc5ogRIlaCTyKFmParmKO78BvHZtNHURaKesCmi4nUSlIroy8VFXALXu9s2iXv7gTXZnc7Ueeq5XA+dDdQ5Tw==",
      "requires": {
        "speedy-entities": "^1.1.2",
        "tokenizer-dsl": "^1.0.1",
        "tslib": "^2.3.0"
      }
    },
    "tokenizer-dsl": {
      "version": "1.0.1",
      "resolved": "https://registry.npmjs.org/tokenizer-dsl/-/tokenizer-dsl-1.0.1.tgz",
      "integrity": "sha512-fOUO6egLaoF3aiQeUwAA9GfkDdtkAE7gznsZWm3sT7bOuVROpf9p1eC5BHNfv6CzAwhJbp9pHvFOrGZrPCycVA=="
    },
    "tslib": {
      "version": "2.3.0",
      "resolved": "https://registry.npmjs.org/tslib/-/tslib-2.3.0.tgz",
      "integrity": "sha512-N82ooyxVNm6h1riLCoyS9e3fuJ3AMG2zIZs2Gd1ATcSFjSA23Q0fzjjZeh0jbJvWVDZ0cJT8yaNNaaXHzueNjg=="
    }
  }
}
